Microsoft Visual Studio Solution File, Format Version 12.00
# Visual Studio Version 17
VisualStudioVersion = 17.5.2.0
MinimumVisualStudioVersion = 10.0.40219.1
Project("{FAE04EC0-301F-11D3-BF4B-00C04F79EFBC}") = "GR1", "GR1.csproj", "{98F338AB-56E1-1DEB-7038-357380E09EE6}"
EndProject
Global
	GlobalSection(SolutionConfigurationPlatforms) = preSolution
		Debug|Any CPU = Debug|Any CPU
		Release|Any CPU = Release|Any CPU
	EndGlobalSection
	GlobalSection(ProjectConfigurationPlatforms) = postSolution
		{98F338AB-56E1-1DEB-7038-357380E09EE6}.Debug|Any CPU.ActiveCfg = Debug|Any CPU
		{98F338AB-56E1-1DEB-7038-357380E09EE6}.Debug|Any CPU.Build.0 = Debug|Any CPU
		{98F338AB-56E1-1DEB-7038-357380E09EE6}.Release|Any CPU.ActiveCfg = Release|Any CPU
		{98F338AB-56E1-1DEB-7038-357380E09EE6}.Release|Any CPU.Build.0 = Release|Any CPU
	EndGlobalSection
	GlobalSection(SolutionProperties) = preSolution
		HideSolutionNode = FALSE
	EndGlobalSection
	GlobalSection(ExtensibilityGlobals) = postSolution
		SolutionGuid = {95D9059A-C343-437C-ADFC-B18C137F7F0B}
	EndGlobalSection
EndGlobal
